
Microsoft Visual Studio Solution File, Format Version 12.00
# Visual Studio 15
VisualStudioVersion = 15.0.26403.7
MinimumVisualStudioVersion = 10.0.40219.1
Project("{FAE04EC0-301F-11D3-BF4B-00C04F79EFBC}") = "WoW.Bosses", "WoW.Bosses\WoW.Bosses.csproj", "{2A10A80B-FE82-410A-83F4-7F7B722B0973}"
EndProject
Project("{FAE04EC0-301F-11D3-BF4B-00C04F79EFBC}") = "WoW.Api", "WoW.Api\WoW.Api.csproj", "{67F9D3A8-F71E-4428-913F-C37AE82CDB24}"
EndProject
Project("{FAE04EC0-301F-11D3-BF4B-00C04F79EFBC}") = "WoW.Api.Test", "WoW.Api.Test\WoW.Api.Test.csproj", "{DFBC0217-A7F3-4486-8E4B-BCA4F0415DD7}"
EndProject
Project("{FAE04EC0-301F-11D3-BF4B-00C04F79EFBC}") = "WoW.Domain", "WoW.Domain\WoW.Domain.csproj", "{AFF8BEDB-481E-4FCE-BD16-DF358F5DD6B1}"
EndProject
Project("{2150E333-8FDC-42A3-9474-1A3956D46DE8}") = "PCL", "PCL", "{85781E6E-8943-403C-8E55-5F7D9C098DDA}"
EndProject
Global
	GlobalSection(SolutionConfigurationPlatforms) = preSolution
		Debug|Any CPU = Debug|Any CPU
		Release|Any CPU = Release|Any CPU
	EndGlobalSection
	GlobalSection(ProjectConfigurationPlatforms) = postSolution
		{2A10A80B-FE82-410A-83F4-7F7B722B0973}.Debug|Any CPU.ActiveCfg = Debug|Any CPU
		{2A10A80B-FE82-410A-83F4-7F7B722B0973}.Debug|Any CPU.Build.0 = Debug|Any CPU
		{2A10A80B-FE82-410A-83F4-7F7B722B0973}.Debug|Any CPU.Deploy.0 = Debug|Any CPU
		{2A10A80B-FE82-410A-83F4-7F7B722B0973}.Release|Any CPU.ActiveCfg = Release|Any CPU
		{2A10A80B-FE82-410A-83F4-7F7B722B0973}.Release|Any CPU.Build.0 = Release|Any CPU
		{2A10A80B-FE82-410A-83F4-7F7B722B0973}.Release|Any CPU.Deploy.0 = Release|Any CPU
		{67F9D3A8-F71E-4428-913F-C37AE82CDB24}.Debug|Any CPU.ActiveCfg = Debug|Any CPU
		{67F9D3A8-F71E-4428-913F-C37AE82CDB24}.Debug|Any CPU.Build.0 = Debug|Any CPU
		{67F9D3A8-F71E-4428-913F-C37AE82CDB24}.Release|Any CPU.ActiveCfg = Release|Any CPU
		{67F9D3A8-F71E-4428-913F-C37AE82CDB24}.Release|Any CPU.Build.0 = Release|Any CPU
		{DFBC0217-A7F3-4486-8E4B-BCA4F0415DD7}.Debug|Any CPU.ActiveCfg = Debug|Any CPU
		{DFBC0217-A7F3-4486-8E4B-BCA4F0415DD7}.Debug|Any CPU.Build.0 = Debug|Any CPU
		{DFBC0217-A7F3-4486-8E4B-BCA4F0415DD7}.Release|Any CPU.ActiveCfg = Release|Any CPU
		{DFBC0217-A7F3-4486-8E4B-BCA4F0415DD7}.Release|Any CPU.Build.0 = Release|Any CPU
		{AFF8BEDB-481E-4FCE-BD16-DF358F5DD6B1}.Debug|Any CPU.ActiveCfg = Debug|Any CPU
		{AFF8BEDB-481E-4FCE-BD16-DF358F5DD6B1}.Debug|Any CPU.Build.0 = Debug|Any CPU
		{AFF8BEDB-481E-4FCE-BD16-DF358F5DD6B1}.Release|Any CPU.ActiveCfg = Release|Any CPU
		{AFF8BEDB-481E-4FCE-BD16-DF358F5DD6B1}.Release|Any CPU.Build.0 = Release|Any CPU
	EndGlobalSection
	GlobalSection(SolutionProperties) = preSolution
		HideSolutionNode = FALSE
	EndGlobalSection
	GlobalSection(NestedProjects) = preSolution
		{67F9D3A8-F71E-4428-913F-C37AE82CDB24} = {85781E6E-8943-403C-8E55-5F7D9C098DDA}
		{DFBC0217-A7F3-4486-8E4B-BCA4F0415DD7} = {85781E6E-8943-403C-8E55-5F7D9C098DDA}
		{AFF8BEDB-481E-4FCE-BD16-DF358F5DD6B1} = {85781E6E-8943-403C-8E55-5F7D9C098DDA}
	EndGlobalSection
EndGlobal
